
Microsoft Visual Studio Solution File, Format Version 12.00
# Visual Studio Version 17
VisualStudioVersion = 17.2.32630.192
MinimumVisualStudioVersion = 10.0.40219.1
Project("{FAE04EC0-301F-11D3-BF4B-00C04F79EFBC}") = "Project3 ChuckNorrisAPI", "Project3 ChuckNorrisAPI\Project3 ChuckNorrisAPI.csproj", "{01CA66E6-F5D3-4994-A5AB-E0DBF8CA858B}"
EndProject
Global
	GlobalSection(SolutionConfigurationPlatforms) = preSolution
		Debug|Any CPU = Debug|Any CPU
		Release|Any CPU = Release|Any CPU
	EndGlobalSection
	GlobalSection(ProjectConfigurationPlatforms) = postSolution
		{01CA66E6-F5D3-4994-A5AB-E0DBF8CA858B}.Debug|Any CPU.ActiveCfg = Debug|Any CPU
		{01CA66E6-F5D3-4994-A5AB-E0DBF8CA858B}.Debug|Any CPU.Build.0 = Debug|Any CPU
		{01CA66E6-F5D3-4994-A5AB-E0DBF8CA858B}.Release|Any CPU.ActiveCfg = Release|Any CPU
		{01CA66E6-F5D3-4994-A5AB-E0DBF8CA858B}.Release|Any CPU.Build.0 = Release|Any CPU
	EndGlobalSection
	GlobalSection(SolutionProperties) = preSolution
		HideSolutionNode = FALSE
	EndGlobalSection
	GlobalSection(ExtensibilityGlobals) = postSolution
		SolutionGuid = {B25DC069-EF46-48C0-A4BA-F9F3A259B0AE}
	EndGlobalSection
EndGlobal
